
Microsoft Visual Studio Solution File, Format Version 12.00
# Visual Studio 15
VisualStudioVersion = 15.0.27130.2024
MinimumVisualStudioVersion = 10.0.40219.1
Project("{FAE04EC0-301F-11D3-BF4B-00C04F79EFBC}") = "EmployeeService", "EmployeeService.csproj", "{660782F4-7DAA-45E9-B5EB-40B34A8EB890}"
EndProject
Project("{FAE04EC0-301F-11D3-BF4B-00C04F79EFBC}") = "EmployeeServiceHost", "..\EmployeeServiceHost\EmployeeServiceHost.csproj", "{08457952-3F1B-4558-9E5C-AD473FB3BD4E}"
EndProject
Global
	GlobalSection(SolutionConfigurationPlatforms) = preSolution
		Debug|Any CPU = Debug|Any CPU
		Release|Any CPU = Release|Any CPU
	EndGlobalSection
	GlobalSection(ProjectConfigurationPlatforms) = postSolution
		{660782F4-7DAA-45E9-B5EB-40B34A8EB890}.Debug|Any CPU.ActiveCfg = Debug|Any CPU
		{660782F4-7DAA-45E9-B5EB-40B34A8EB890}.Debug|Any CPU.Build.0 = Debug|Any CPU
		{660782F4-7DAA-45E9-B5EB-40B34A8EB890}.Release|Any CPU.ActiveCfg = Release|Any CPU
		{660782F4-7DAA-45E9-B5EB-40B34A8EB890}.Release|Any CPU.Build.0 = Release|Any CPU
		{08457952-3F1B-4558-9E5C-AD473FB3BD4E}.Debug|Any CPU.ActiveCfg = Debug|Any CPU
		{08457952-3F1B-4558-9E5C-AD473FB3BD4E}.Debug|Any CPU.Build.0 = Debug|Any CPU
		{08457952-3F1B-4558-9E5C-AD473FB3BD4E}.Release|Any CPU.ActiveCfg = Release|Any CPU
		{08457952-3F1B-4558-9E5C-AD473FB3BD4E}.Release|Any CPU.Build.0 = Release|Any CPU
	EndGlobalSection
	GlobalSection(SolutionProperties) = preSolution
		HideSolutionNode = FALSE
	EndGlobalSection
	GlobalSection(ExtensibilityGlobals) = postSolution
		SolutionGuid = {E1E3FE1C-006F-448A-BF3D-F190C81EB7EA}
	EndGlobalSection
EndGlobal
