
Microsoft Visual Studio Solution File, Format Version 12.00
# Visual Studio 15
VisualStudioVersion = 15.0.27130.2024
MinimumVisualStudioVersion = 10.0.40219.1
Project("{FAE04EC0-301F-11D3-BF4B-00C04F79EFBC}") = "HelloService", "HelloService.csproj", "{8B61003D-8B91-46BA-9269-AE645BA86107}"
EndProject
Project("{FAE04EC0-301F-11D3-BF4B-00C04F79EFBC}") = "HelloServiceHost", "..\HelloServiceHost\HelloServiceHost.csproj", "{7255D474-D95C-48EE-8C52-DC867C4243DB}"
EndProject
Global
	GlobalSection(SolutionConfigurationPlatforms) = preSolution
		Debug|Any CPU = Debug|Any CPU
		Release|Any CPU = Release|Any CPU
	EndGlobalSection
	GlobalSection(ProjectConfigurationPlatforms) = postSolution
		{8B61003D-8B91-46BA-9269-AE645BA86107}.Debug|Any CPU.ActiveCfg = Debug|Any CPU
		{8B61003D-8B91-46BA-9269-AE645BA86107}.Debug|Any CPU.Build.0 = Debug|Any CPU
		{8B61003D-8B91-46BA-9269-AE645BA86107}.Release|Any CPU.ActiveCfg = Release|Any CPU
		{8B61003D-8B91-46BA-9269-AE645BA86107}.Release|Any CPU.Build.0 = Release|Any CPU
		{7255D474-D95C-48EE-8C52-DC867C4243DB}.Debug|Any CPU.ActiveCfg = Debug|Any CPU
		{7255D474-D95C-48EE-8C52-DC867C4243DB}.Debug|Any CPU.Build.0 = Debug|Any CPU
		{7255D474-D95C-48EE-8C52-DC867C4243DB}.Release|Any CPU.ActiveCfg = Release|Any CPU
		{7255D474-D95C-48EE-8C52-DC867C4243DB}.Release|Any CPU.Build.0 = Release|Any CPU
	EndGlobalSection
	GlobalSection(SolutionProperties) = preSolution
		HideSolutionNode = FALSE
	EndGlobalSection
	GlobalSection(ExtensibilityGlobals) = postSolution
		SolutionGuid = {25B29653-6604-40D3-9870-C5383AEFD953}
	EndGlobalSection
EndGlobal
